// !$*UTF8*$!
{
	archiveVersion = 1;
	classes = {
	};
	objectVersion = 51;
	objects = {

/* Begin PBXBuildFile section */
		19DEC4D5D5C779010DE11481 /* Pods_BBNetwork.framework in Frameworks */ = {isa = PBXBuildFile; fileRef = 70E7B0416142A917FD3FA4B7 /* Pods_BBNetwork.framework */; };
		54D22C867EB287B25B8CF537 /* Pods_BBNetwork_BBNetworkTests.framework in Frameworks */ = {isa = PBXBuildFile; fileRef = EB7E175D6719885770109BE4 /* Pods_BBNetwork_BBNetworkTests.framework */; };
		A1B262EA25ACF35300998DD0 /* BBNetwork.framework in Frameworks */ = {isa = PBXBuildFile; fileRef = A1B262E025ACF35300998DD0 /* BBNetwork.framework */; };
		A1B262F125ACF35300998DD0 /* BBNetwork.h in Headers */ = {isa = PBXBuildFile; fileRef = A1B262E325ACF35300998DD0 /* BBNetwork.h */; settings = {ATTRIBUTES = (Public, ); }; };
		A1B2631025ACF3AA00998DD0 /* BBRequestExecuterTests.swift in Sources */ = {isa = PBXBuildFile; fileRef = A1B262FD25ACF3AA00998DD0 /* BBRequestExecuterTests.swift */; };
		A1B2631125ACF3AA00998DD0 /* ServiceMock.swift in Sources */ = {isa = PBXBuildFile; fileRef = A1B262FF25ACF3AA00998DD0 /* ServiceMock.swift */; };
		A1B2631225ACF3AA00998DD0 /* BBNetworkDelegateMock.swift in Sources */ = {isa = PBXBuildFile; fileRef = A1B2630025ACF3AA00998DD0 /* BBNetworkDelegateMock.swift */; };
		A1B2631325ACF3AA00998DD0 /* URLSessionMock.swift in Sources */ = {isa = PBXBuildFile; fileRef = A1B2630125ACF3AA00998DD0 /* URLSessionMock.swift */; };
		A1B2631425ACF3AA00998DD0 /* BBRequestExecuterMock.swift in Sources */ = {isa = PBXBuildFile; fileRef = A1B2630225ACF3AA00998DD0 /* BBRequestExecuterMock.swift */; };
		A1B2631525ACF3AA00998DD0 /* ObjectMock.swift in Sources */ = {isa = PBXBuildFile; fileRef = A1B2630325ACF3AA00998DD0 /* ObjectMock.swift */; };
		A1B2631625ACF3AA00998DD0 /* BBNetworkTests.swift in Sources */ = {isa = PBXBuildFile; fileRef = A1B2630425ACF3AA00998DD0 /* BBNetworkTests.swift */; };
		A1B2631725ACF3AA00998DD0 /* BBAPIErrorTests.swift in Sources */ = {isa = PBXBuildFile; fileRef = A1B2630625ACF3AA00998DD0 /* BBAPIErrorTests.swift */; };
		A1B2631825ACF3AA00998DD0 /* BBHTTPMethodTests.swift in Sources */ = {isa = PBXBuildFile; fileRef = A1B2630725ACF3AA00998DD0 /* BBHTTPMethodTests.swift */; };
		A1B2631925ACF3AA00998DD0 /* Encodable+ExtTests.swift in Sources */ = {isa = PBXBuildFile; fileRef = A1B2630925ACF3AA00998DD0 /* Encodable+ExtTests.swift */; };
		A1B2631A25ACF3AA00998DD0 /* URLSession+ExtTests.swift in Sources */ = {isa = PBXBuildFile; fileRef = A1B2630A25ACF3AA00998DD0 /* URLSession+ExtTests.swift */; };
		A1B2631B25ACF3AA00998DD0 /* Bundle+ExtTests.swift in Sources */ = {isa = PBXBuildFile; fileRef = A1B2630B25ACF3AA00998DD0 /* Bundle+ExtTests.swift */; };
		A1B2631C25ACF3AA00998DD0 /* URL+ExtTests.swift in Sources */ = {isa = PBXBuildFile; fileRef = A1B2630C25ACF3AA00998DD0 /* URL+ExtTests.swift */; };
		A1B2631D25ACF3AA00998DD0 /* BBRequestConfiguratorTests.swift in Sources */ = {isa = PBXBuildFile; fileRef = A1B2630D25ACF3AA00998DD0 /* BBRequestConfiguratorTests.swift */; };
		A1B2631E25ACF3AA00998DD0 /* Buildable.swift in Sources */ = {isa = PBXBuildFile; fileRef = A1B2630F25ACF3AA00998DD0 /* Buildable.swift */; };
		A1B2633D25ACF3B300998DD0 /* Localizable.strings in Resources */ = {isa = PBXBuildFile; fileRef = A1B2632425ACF3B300998DD0 /* Localizable.strings */; };
		A1B2633E25ACF3B300998DD0 /* DWLocalizedString.swift in Sources */ = {isa = PBXBuildFile; fileRef = A1B2632625ACF3B300998DD0 /* DWLocalizedString.swift */; };
		A1B2633F25ACF3B300998DD0 /* BBNetworkLogger.swift in Sources */ = {isa = PBXBuildFile; fileRef = A1B2632A25ACF3B300998DD0 /* BBNetworkLogger.swift */; };
		A1B2634025ACF3B300998DD0 /* BBNetworkDelegate.swift in Sources */ = {isa = PBXBuildFile; fileRef = A1B2632B25ACF3B300998DD0 /* BBNetworkDelegate.swift */; };
		A1B2634125ACF3B300998DD0 /* RequestHeaderManager.swift in Sources */ = {isa = PBXBuildFile; fileRef = A1B2632C25ACF3B300998DD0 /* RequestHeaderManager.swift */; };
		A1B2634225ACF3B300998DD0 /* BBRequestExecuter.swift in Sources */ = {isa = PBXBuildFile; fileRef = A1B2632D25ACF3B300998DD0 /* BBRequestExecuter.swift */; };
		A1B2634325ACF3B300998DD0 /* BBAPIError.swift in Sources */ = {isa = PBXBuildFile; fileRef = A1B2632F25ACF3B300998DD0 /* BBAPIError.swift */; };
		A1B2634425ACF3B300998DD0 /* BBAPIError+Description.swift in Sources */ = {isa = PBXBuildFile; fileRef = A1B2633025ACF3B300998DD0 /* BBAPIError+Description.swift */; };
		A1B2634525ACF3B300998DD0 /* BBHTTPMethod.swift in Sources */ = {isa = PBXBuildFile; fileRef = A1B2633125ACF3B300998DD0 /* BBHTTPMethod.swift */; };
		A1B2634625ACF3B300998DD0 /* NoResponse.swift in Sources */ = {isa = PBXBuildFile; fileRef = A1B2633225ACF3B300998DD0 /* NoResponse.swift */; };
		A1B2634725ACF3B300998DD0 /* BBNetworkProtocol.swift in Sources */ = {isa = PBXBuildFile; fileRef = A1B2633325ACF3B300998DD0 /* BBNetworkProtocol.swift */; };
		A1B2634825ACF3B300998DD0 /* URLSessionDataTask+Ext.swift in Sources */ = {isa = PBXBuildFile; fileRef = A1B2633525ACF3B300998DD0 /* URLSessionDataTask+Ext.swift */; };
		A1B2634925ACF3B300998DD0 /* Encodable+Ext.swift in Sources */ = {isa = PBXBuildFile; fileRef = A1B2633625ACF3B300998DD0 /* Encodable+Ext.swift */; };
		A1B2634A25ACF3B300998DD0 /* URLSession+Ext.swift in Sources */ = {isa = PBXBuildFile; fileRef = A1B2633725ACF3B300998DD0 /* URLSession+Ext.swift */; };
		A1B2634B25ACF3B300998DD0 /* Bundle+Ext.swift in Sources */ = {isa = PBXBuildFile; fileRef = A1B2633825ACF3B300998DD0 /* Bundle+Ext.swift */; };
		A1B2634C25ACF3B300998DD0 /* URL+Ext.swift in Sources */ = {isa = PBXBuildFile; fileRef = A1B2633925ACF3B300998DD0 /* URL+Ext.swift */; };
		A1B2634D25ACF3B300998DD0 /* BBNetwork.swift in Sources */ = {isa = PBXBuildFile; fileRef = A1B2633A25ACF3B300998DD0 /* BBNetwork.swift */; };
		A1B2634E25ACF3B300998DD0 /* BBRequestConfigurator.swift in Sources */ = {isa = PBXBuildFile; fileRef = A1B2633B25ACF3B300998DD0 /* BBRequestConfigurator.swift */; };
		A1B2634F25ACF3B300998DD0 /* BBService.swift in Sources */ = {isa = PBXBuildFile; fileRef = A1B2633C25ACF3B300998DD0 /* BBService.swift */; };
/* End PBXBuildFile section */

/* Begin PBXContainerItemProxy section */
		A1B262EB25ACF35300998DD0 /* PBXContainerItemProxy */ = {
			isa = PBXContainerItemProxy;
			containerPortal = A1B262D725ACF35300998DD0 /* Project object */;
			proxyType = 1;
			remoteGlobalIDString = A1B262DF25ACF35300998DD0;
			remoteInfo = BBNetwork;
		};
/* End PBXContainerItemProxy section */

/* Begin PBXFileReference section */
		03582BCB65671A5676BE3EAE /* Pods-BBNetwork-BBNetworkTests.release.xcconfig */ = {isa = PBXFileReference; includeInIndex = 1; lastKnownFileType = text.xcconfig; name = "Pods-BBNetwork-BBNetworkTests.release.xcconfig"; path = "Target Support Files/Pods-BBNetwork-BBNetworkTests/Pods-BBNetwork-BBNetworkTests.release.xcconfig"; sourceTree = "<group>"; };
		5355D62CB9410F30B0FCD642 /* Pods-BBNetwork.debug.xcconfig */ = {isa = PBXFileReference; includeInIndex = 1; lastKnownFileType = text.xcconfig; name = "Pods-BBNetwork.debug.xcconfig"; path = "Target Support Files/Pods-BBNetwork/Pods-BBNetwork.debug.xcconfig"; sourceTree = "<group>"; };
		5AFD81BE79E2D7C322C648E3 /* Pods-BBNetwork-BBNetworkTests.debug.xcconfig */ = {isa = PBXFileReference; includeInIndex = 1; lastKnownFileType = text.xcconfig; name = "Pods-BBNetwork-BBNetworkTests.debug.xcconfig"; path = "Target Support Files/Pods-BBNetwork-BBNetworkTests/Pods-BBNetwork-BBNetworkTests.debug.xcconfig"; sourceTree = "<group>"; };
		70E7B0416142A917FD3FA4B7 /* Pods_BBNetwork.framework */ = {isa = PBXFileReference; explicitFileType = wrapper.framework; includeInIndex = 0; path = Pods_BBNetwork.framework; sourceTree = BUILT_PRODUCTS_DIR; };
		88927BCD72AB73DB1029A672 /* Pods-BBNetwork.release.xcconfig */ = {isa = PBXFileReference; includeInIndex = 1; lastKnownFileType = text.xcconfig; name = "Pods-BBNetwork.release.xcconfig"; path = "Target Support Files/Pods-BBNetwork/Pods-BBNetwork.release.xcconfig"; sourceTree = "<group>"; };
		A1B262E025ACF35300998DD0 /* BBNetwork.framework */ = {isa = PBXFileReference; explicitFileType = wrapper.framework; includeInIndex = 0; path = BBNetwork.framework; sourceTree = BUILT_PRODUCTS_DIR; };
		A1B262E325ACF35300998DD0 /* BBNetwork.h */ = {isa = PBXFileReference; lastKnownFileType = sourcecode.c.h; path = BBNetwork.h; sourceTree = "<group>"; };
		A1B262E425ACF35300998DD0 /* Info.plist */ = {isa = PBXFileReference; lastKnownFileType = text.plist.xml; path = Info.plist; sourceTree = "<group>"; };
		A1B262E925ACF35300998DD0 /* BBNetworkTests.xctest */ = {isa = PBXFileReference; explicitFileType = wrapper.cfbundle; includeInIndex = 0; path = BBNetworkTests.xctest; sourceTree = BUILT_PRODUCTS_DIR; };
		A1B262F025ACF35300998DD0 /* Info.plist */ = {isa = PBXFileReference; lastKnownFileType = text.plist.xml; path = Info.plist; sourceTree = "<group>"; };
		A1B262FD25ACF3AA00998DD0 /* BBRequestExecuterTests.swift */ = {isa = PBXFileReference; fileEncoding = 4; lastKnownFileType = sourcecode.swift; path = BBRequestExecuterTests.swift; sourceTree = "<group>"; };
		A1B262FF25ACF3AA00998DD0 /* ServiceMock.swift */ = {isa = PBXFileReference; fileEncoding = 4; lastKnownFileType = sourcecode.swift; path = ServiceMock.swift; sourceTree = "<group>"; };
		A1B2630025ACF3AA00998DD0 /* BBNetworkDelegateMock.swift */ = {isa = PBXFileReference; fileEncoding = 4; lastKnownFileType = sourcecode.swift; path = BBNetworkDelegateMock.swift; sourceTree = "<group>"; };
		A1B2630125ACF3AA00998DD0 /* URLSessionMock.swift */ = {isa = PBXFileReference; fileEncoding = 4; lastKnownFileType = sourcecode.swift; path = URLSessionMock.swift; sourceTree = "<group>"; };
		A1B2630225ACF3AA00998DD0 /* BBRequestExecuterMock.swift */ = {isa = PBXFileReference; fileEncoding = 4; lastKnownFileType = sourcecode.swift; path = BBRequestExecuterMock.swift; sourceTree = "<group>"; };
		A1B2630325ACF3AA00998DD0 /* ObjectMock.swift */ = {isa = PBXFileReference; fileEncoding = 4; lastKnownFileType = sourcecode.swift; path = ObjectMock.swift; sourceTree = "<group>"; };
		A1B2630425ACF3AA00998DD0 /* BBNetworkTests.swift */ = {isa = PBXFileReference; fileEncoding = 4; lastKnownFileType = sourcecode.swift; path = BBNetworkTests.swift; sourceTree = "<group>"; };
		A1B2630625ACF3AA00998DD0 /* BBAPIErrorTests.swift */ = {isa = PBXFileReference; fileEncoding = 4; lastKnownFileType = sourcecode.swift; path = BBAPIErrorTests.swift; sourceTree = "<group>"; };
		A1B2630725ACF3AA00998DD0 /* BBHTTPMethodTests.swift */ = {isa = PBXFileReference; fileEncoding = 4; lastKnownFileType = sourcecode.swift; path = BBHTTPMethodTests.swift; sourceTree = "<group>"; };
		A1B2630925ACF3AA00998DD0 /* Encodable+ExtTests.swift */ = {isa = PBXFileReference; fileEncoding = 4; lastKnownFileType = sourcecode.swift; path = "Encodable+ExtTests.swift"; sourceTree = "<group>"; };
		A1B2630A25ACF3AA00998DD0 /* URLSession+ExtTests.swift */ = {isa = PBXFileReference; fileEncoding = 4; lastKnownFileType = sourcecode.swift; path = "URLSession+ExtTests.swift"; sourceTree = "<group>"; };
		A1B2630B25ACF3AA00998DD0 /* Bundle+ExtTests.swift */ = {isa = PBXFileReference; fileEncoding = 4; lastKnownFileType = sourcecode.swift; path = "Bundle+ExtTests.swift"; sourceTree = "<group>"; };
		A1B2630C25ACF3AA00998DD0 /* URL+ExtTests.swift */ = {isa = PBXFileReference; fileEncoding = 4; lastKnownFileType = sourcecode.swift; path = "URL+ExtTests.swift"; sourceTree = "<group>"; };
		A1B2630D25ACF3AA00998DD0 /* BBRequestConfiguratorTests.swift */ = {isa = PBXFileReference; fileEncoding = 4; lastKnownFileType = sourcecode.swift; path = BBRequestConfiguratorTests.swift; sourceTree = "<group>"; };
		A1B2630F25ACF3AA00998DD0 /* Buildable.swift */ = {isa = PBXFileReference; fileEncoding = 4; lastKnownFileType = sourcecode.swift; path = Buildable.swift; sourceTree = "<group>"; };
		A1B2632525ACF3B300998DD0 /* en */ = {isa = PBXFileReference; lastKnownFileType = text.plist.strings; name = en; path = en.lproj/Localizable.strings; sourceTree = "<group>"; };
		A1B2632625ACF3B300998DD0 /* DWLocalizedString.swift */ = {isa = PBXFileReference; fileEncoding = 4; lastKnownFileType = sourcecode.swift; path = DWLocalizedString.swift; sourceTree = "<group>"; };
		A1B2632725ACF3B300998DD0 /* pt-BR */ = {isa = PBXFileReference; lastKnownFileType = text.plist.strings; name = "pt-BR"; path = "pt-BR.lproj/Localizable.strings"; sourceTree = "<group>"; };
		A1B2632A25ACF3B300998DD0 /* BBNetworkLogger.swift */ = {isa = PBXFileReference; fileEncoding = 4; lastKnownFileType = sourcecode.swift; path = BBNetworkLogger.swift; sourceTree = "<group>"; };
		A1B2632B25ACF3B300998DD0 /* BBNetworkDelegate.swift */ = {isa = PBXFileReference; fileEncoding = 4; lastKnownFileType = sourcecode.swift; path = BBNetworkDelegate.swift; sourceTree = "<group>"; };
		A1B2632C25ACF3B300998DD0 /* RequestHeaderManager.swift */ = {isa = PBXFileReference; fileEncoding = 4; lastKnownFileType = sourcecode.swift; path = RequestHeaderManager.swift; sourceTree = "<group>"; };
		A1B2632D25ACF3B300998DD0 /* BBRequestExecuter.swift */ = {isa = PBXFileReference; fileEncoding = 4; lastKnownFileType = sourcecode.swift; path = BBRequestExecuter.swift; sourceTree = "<group>"; };
		A1B2632F25ACF3B300998DD0 /* BBAPIError.swift */ = {isa = PBXFileReference; fileEncoding = 4; lastKnownFileType = sourcecode.swift; path = BBAPIError.swift; sourceTree = "<group>"; };
		A1B2633025ACF3B300998DD0 /* BBAPIError+Description.swift */ = {isa = PBXFileReference; fileEncoding = 4; lastKnownFileType = sourcecode.swift; path = "BBAPIError+Description.swift"; sourceTree = "<group>"; };
		A1B2633125ACF3B300998DD0 /* BBHTTPMethod.swift */ = {isa = PBXFileReference; fileEncoding = 4; lastKnownFileType = sourcecode.swift; path = BBHTTPMethod.swift; sourceTree = "<group>"; };
		A1B2633225ACF3B300998DD0 /* NoResponse.swift */ = {isa = PBXFileReference; fileEncoding = 4; lastKnownFileType = sourcecode.swift; path = NoResponse.swift; sourceTree = "<group>"; };
		A1B2633325ACF3B300998DD0 /* BBNetworkProtocol.swift */ = {isa = PBXFileReference; fileEncoding = 4; lastKnownFileType = sourcecode.swift; path = BBNetworkProtocol.swift; sourceTree = "<group>"; };
		A1B2633525ACF3B300998DD0 /* URLSessionDataTask+Ext.swift */ = {isa = PBXFileReference; fileEncoding = 4; lastKnownFileType = sourcecode.swift; path = "URLSessionDataTask+Ext.swift"; sourceTree = "<group>"; };
		A1B2633625ACF3B300998DD0 /* Encodable+Ext.swift */ = {isa = PBXFileReference; fileEncoding = 4; lastKnownFileType = sourcecode.swift; path = "Encodable+Ext.swift"; sourceTree = "<group>"; };
		A1B2633725ACF3B300998DD0 /* URLSession+Ext.swift */ = {isa = PBXFileReference; fileEncoding = 4; lastKnownFileType = sourcecode.swift; path = "URLSession+Ext.swift"; sourceTree = "<group>"; };
		A1B2633825ACF3B300998DD0 /* Bundle+Ext.swift */ = {isa = PBXFileReference; fileEncoding = 4; lastKnownFileType = sourcecode.swift; path = "Bundle+Ext.swift"; sourceTree = "<group>"; };
		A1B2633925ACF3B300998DD0 /* URL+Ext.swift */ = {isa = PBXFileReference; fileEncoding = 4; lastKnownFileType = sourcecode.swift; path = "URL+Ext.swift"; sourceTree = "<group>"; };
		A1B2633A25ACF3B300998DD0 /* BBNetwork.swift */ = {isa = PBXFileReference; fileEncoding = 4; lastKnownFileType = sourcecode.swift; path = BBNetwork.swift; sourceTree = "<group>"; };
		A1B2633B25ACF3B300998DD0 /* BBRequestConfigurator.swift */ = {isa = PBXFileReference; fileEncoding = 4; lastKnownFileType = sourcecode.swift; path = BBRequestConfigurator.swift; sourceTree = "<group>"; };
		A1B2633C25ACF3B300998DD0 /* BBService.swift */ = {isa = PBXFileReference; fileEncoding = 4; lastKnownFileType = sourcecode.swift; path = BBService.swift; sourceTree = "<group>"; };
		A1B263B425AE54D800998DD0 /* Debug.xcconfig */ = {isa = PBXFileReference; fileEncoding = 4; lastKnownFileType = text.xcconfig; path = Debug.xcconfig; sourceTree = "<group>"; };
		EB7E175D6719885770109BE4 /* Pods_BBNetwork_BBNetworkTests.framework */ = {isa = PBXFileReference; explicitFileType = wrapper.framework; includeInIndex = 0; path = Pods_BBNetwork_BBNetworkTests.framework; sourceTree = BUILT_PRODUCTS_DIR; };
/* End PBXFileReference section */

/* Begin PBXFrameworksBuildPhase section */
		A1B262DD25ACF35300998DD0 /* Frameworks */ = {
			isa = PBXFrameworksBuildPhase;
			buildActionMask = 2147483647;
			files = (
				19DEC4D5D5C779010DE11481 /* Pods_BBNetwork.framework in Frameworks */,
			);
			runOnlyForDeploymentPostprocessing = 0;
		};
		A1B262E625ACF35300998DD0 /* Frameworks */ = {
			isa = PBXFrameworksBuildPhase;
			buildActionMask = 2147483647;
			files = (
				A1B262EA25ACF35300998DD0 /* BBNetwork.framework in Frameworks */,
				54D22C867EB287B25B8CF537 /* Pods_BBNetwork_BBNetworkTests.framework in Frameworks */,
			);
			runOnlyForDeploymentPostprocessing = 0;
		};
/* End PBXFrameworksBuildPhase section */

/* Begin PBXGroup section */
		3415CB568C31E4103EA4FDF3 /* Pods */ = {
			isa = PBXGroup;
			children = (
				5355D62CB9410F30B0FCD642 /* Pods-BBNetwork.debug.xcconfig */,
				88927BCD72AB73DB1029A672 /* Pods-BBNetwork.release.xcconfig */,
				5AFD81BE79E2D7C322C648E3 /* Pods-BBNetwork-BBNetworkTests.debug.xcconfig */,
				03582BCB65671A5676BE3EAE /* Pods-BBNetwork-BBNetworkTests.release.xcconfig */,
			);
			name = Pods;
			path = ../Pods;
			sourceTree = "<group>";
		};
		A1B262D625ACF35300998DD0 = {
			isa = PBXGroup;
			children = (
				A1B262E225ACF35300998DD0 /* BBNetwork */,
				A1B262ED25ACF35300998DD0 /* BBNetworkTests */,
				A1B262E125ACF35300998DD0 /* Products */,
				3415CB568C31E4103EA4FDF3 /* Pods */,
				F2CE4B6A29C306D73587A52F /* Frameworks */,
			);
			sourceTree = "<group>";
		};
		A1B262E125ACF35300998DD0 /* Products */ = {
			isa = PBXGroup;
			children = (
				A1B262E025ACF35300998DD0 /* BBNetwork.framework */,
				A1B262E925ACF35300998DD0 /* BBNetworkTests.xctest */,
			);
			name = Products;
			sourceTree = "<group>";
		};
		A1B262E225ACF35300998DD0 /* BBNetwork */ = {
			isa = PBXGroup;
			children = (
				A1B2632825ACF3B300998DD0 /* Classes */,
				A1B2632325ACF3B300998DD0 /* Resources */,
				A1B262E325ACF35300998DD0 /* BBNetwork.h */,
				A1B263B425AE54D800998DD0 /* Debug.xcconfig */,
				A1B262E425ACF35300998DD0 /* Info.plist */,
			);
			path = BBNetwork;
			sourceTree = "<group>";
		};
		A1B262ED25ACF35300998DD0 /* BBNetworkTests */ = {
			isa = PBXGroup;
			children = (
				A1B262F025ACF35300998DD0 /* Info.plist */,
				A1B262FC25ACF3AA00998DD0 /* Classes */,
			);
			path = BBNetworkTests;
			sourceTree = "<group>";
		};
		A1B262FC25ACF3AA00998DD0 /* Classes */ = {
			isa = PBXGroup;
			children = (
				A1B2630425ACF3AA00998DD0 /* BBNetworkTests.swift */,
				A1B2630D25ACF3AA00998DD0 /* BBRequestConfiguratorTests.swift */,
				A1B262FD25ACF3AA00998DD0 /* BBRequestExecuterTests.swift */,
				A1B2630825ACF3AA00998DD0 /* Extensions */,
				A1B2630E25ACF3AA00998DD0 /* Helpers */,
				A1B262FE25ACF3AA00998DD0 /* Mocks */,
				A1B2630525ACF3AA00998DD0 /* Models */,
			);
			path = Classes;
			sourceTree = "<group>";
		};
		A1B262FE25ACF3AA00998DD0 /* Mocks */ = {
			isa = PBXGroup;
			children = (
				A1B2630025ACF3AA00998DD0 /* BBNetworkDelegateMock.swift */,
				A1B2630225ACF3AA00998DD0 /* BBRequestExecuterMock.swift */,
				A1B2630325ACF3AA00998DD0 /* ObjectMock.swift */,
				A1B262FF25ACF3AA00998DD0 /* ServiceMock.swift */,
				A1B2630125ACF3AA00998DD0 /* URLSessionMock.swift */,
			);
			path = Mocks;
			sourceTree = "<group>";
		};
		A1B2630525ACF3AA00998DD0 /* Models */ = {
			isa = PBXGroup;
			children = (
				A1B2630625ACF3AA00998DD0 /* BBAPIErrorTests.swift */,
				A1B2630725ACF3AA00998DD0 /* BBHTTPMethodTests.swift */,
			);
			path = Models;
			sourceTree = "<group>";
		};
		A1B2630825ACF3AA00998DD0 /* Extensions */ = {
			isa = PBXGroup;
			children = (
				A1B2630B25ACF3AA00998DD0 /* Bundle+ExtTests.swift */,
				A1B2630925ACF3AA00998DD0 /* Encodable+ExtTests.swift */,
				A1B2630C25ACF3AA00998DD0 /* URL+ExtTests.swift */,
				A1B2630A25ACF3AA00998DD0 /* URLSession+ExtTests.swift */,
			);
			path = Extensions;
			sourceTree = "<group>";
		};
		A1B2630E25ACF3AA00998DD0 /* Helpers */ = {
			isa = PBXGroup;
			children = (
				A1B2630F25ACF3AA00998DD0 /* Buildable.swift */,
			);
			path = Helpers;
			sourceTree = "<group>";
		};
		A1B2632325ACF3B300998DD0 /* Resources */ = {
			isa = PBXGroup;
			children = (
				A1B2632425ACF3B300998DD0 /* Localizable.strings */,
				A1B2632625ACF3B300998DD0 /* DWLocalizedString.swift */,
			);
			path = Resources;
			sourceTree = "<group>";
		};
		A1B2632825ACF3B300998DD0 /* Classes */ = {
			isa = PBXGroup;
			children = (
				A1B2633A25ACF3B300998DD0 /* BBNetwork.swift */,
				A1B2632B25ACF3B300998DD0 /* BBNetworkDelegate.swift */,
				A1B2633325ACF3B300998DD0 /* BBNetworkProtocol.swift */,
				A1B2633B25ACF3B300998DD0 /* BBRequestConfigurator.swift */,
				A1B2632D25ACF3B300998DD0 /* BBRequestExecuter.swift */,
				A1B2633C25ACF3B300998DD0 /* BBService.swift */,
				A1B2632C25ACF3B300998DD0 /* RequestHeaderManager.swift */,
				A1B2633425ACF3B300998DD0 /* Extensions */,
				A1B2632925ACF3B300998DD0 /* Logger */,
				A1B2632E25ACF3B300998DD0 /* Models */,
			);
			path = Classes;
			sourceTree = "<group>";
		};
		A1B2632925ACF3B300998DD0 /* Logger */ = {
			isa = PBXGroup;
			children = (
				A1B2632A25ACF3B300998DD0 /* BBNetworkLogger.swift */,
			);
			path = Logger;
			sourceTree = "<group>";
		};
		A1B2632E25ACF3B300998DD0 /* Models */ = {
			isa = PBXGroup;
			children = (
				A1B2632F25ACF3B300998DD0 /* BBAPIError.swift */,
				A1B2633025ACF3B300998DD0 /* BBAPIError+Description.swift */,
				A1B2633125ACF3B300998DD0 /* BBHTTPMethod.swift */,
				A1B2633225ACF3B300998DD0 /* NoResponse.swift */,
			);
			path = Models;
			sourceTree = "<group>";
		};
		A1B2633425ACF3B300998DD0 /* Extensions */ = {
			isa = PBXGroup;
			children = (
				A1B2633825ACF3B300998DD0 /* Bundle+Ext.swift */,
				A1B2633625ACF3B300998DD0 /* Encodable+Ext.swift */,
				A1B2633925ACF3B300998DD0 /* URL+Ext.swift */,
				A1B2633725ACF3B300998DD0 /* URLSession+Ext.swift */,
				A1B2633525ACF3B300998DD0 /* URLSessionDataTask+Ext.swift */,
			);
			path = Extensions;
			sourceTree = "<group>";
		};
		F2CE4B6A29C306D73587A52F /* Frameworks */ = {
			isa = PBXGroup;
			children = (
				70E7B0416142A917FD3FA4B7 /* Pods_BBNetwork.framework */,
				EB7E175D6719885770109BE4 /* Pods_BBNetwork_BBNetworkTests.framework */,
			);
			name = Frameworks;
			sourceTree = "<group>";
		};
/* End PBXGroup section */

/* Begin PBXHeadersBuildPhase section */
		A1B262DB25ACF35300998DD0 /* Headers */ = {
			isa = PBXHeadersBuildPhase;
			buildActionMask = 2147483647;
			files = (
				A1B262F125ACF35300998DD0 /* BBNetwork.h in Headers */,
			);
			runOnlyForDeploymentPostprocessing = 0;
		};
/* End PBXHeadersBuildPhase section */

/* Begin PBXNativeTarget section */
		A1B262DF25ACF35300998DD0 /* BBNetwork */ = {
			isa = PBXNativeTarget;
			buildConfigurationList = A1B262F425ACF35300998DD0 /* Build configuration list for PBXNativeTarget "BBNetwork" */;
			buildPhases = (
				06995CCA7AFDAA09646C295B /* [CP] Check Pods Manifest.lock */,
				A1B262DB25ACF35300998DD0 /* Headers */,
				A1B262DC25ACF35300998DD0 /* Sources */,
				A1B262DD25ACF35300998DD0 /* Frameworks */,
				A1B262DE25ACF35300998DD0 /* Resources */,
			);
			buildRules = (
			);
			dependencies = (
			);
			name = BBNetwork;
			productName = BBNetwork;
			productReference = A1B262E025ACF35300998DD0 /* BBNetwork.framework */;
			productType = "com.apple.product-type.framework";
		};
		A1B262E825ACF35300998DD0 /* BBNetworkTests */ = {
			isa = PBXNativeTarget;
			buildConfigurationList = A1B262F725ACF35300998DD0 /* Build configuration list for PBXNativeTarget "BBNetworkTests" */;
			buildPhases = (
				0EE7F2F9B2CA8ECC5683D4DB /* [CP] Check Pods Manifest.lock */,
				A1B262E525ACF35300998DD0 /* Sources */,
				A1B262E625ACF35300998DD0 /* Frameworks */,
				A1B262E725ACF35300998DD0 /* Resources */,
				34ACA3036DE00C33738BE4F7 /* [CP] Embed Pods Frameworks */,
			);
			buildRules = (
			);
			dependencies = (
				A1B262EC25ACF35300998DD0 /* PBXTargetDependency */,
			);
			name = BBNetworkTests;
			productName = BBNetworkTests;
			productReference = A1B262E925ACF35300998DD0 /* BBNetworkTests.xctest */;
			productType = "com.apple.product-type.bundle.unit-test";
		};
/* End PBXNativeTarget section */

/* Begin PBXProject section */
		A1B262D725ACF35300998DD0 /* Project object */ = {
			isa = PBXProject;
			attributes = {
				LastSwiftUpdateCheck = 1230;
				LastUpgradeCheck = 1230;
				TargetAttributes = {
					A1B262DF25ACF35300998DD0 = {
						CreatedOnToolsVersion = 12.3;
					};
					A1B262E825ACF35300998DD0 = {
						CreatedOnToolsVersion = 12.3;
					};
				};
			};
			buildConfigurationList = A1B262DA25ACF35300998DD0 /* Build configuration list for PBXProject "BBNetwork" */;
			compatibilityVersion = "Xcode 9.3";
			developmentRegion = en;
			hasScannedForEncodings = 0;
			knownRegions = (
				en,
				Base,
				"pt-BR",
			);
			mainGroup = A1B262D625ACF35300998DD0;
			productRefGroup = A1B262E125ACF35300998DD0 /* Products */;
			projectDirPath = "";
			projectRoot = "";
			targets = (
				A1B262DF25ACF35300998DD0 /* BBNetwork */,
				A1B262E825ACF35300998DD0 /* BBNetworkTests */,
			);
		};
/* End PBXProject section */

/* Begin PBXResourcesBuildPhase section */
		A1B262DE25ACF35300998DD0 /* Resources */ = {
			isa = PBXResourcesBuildPhase;
			buildActionMask = 2147483647;
			files = (
				A1B2633D25ACF3B300998DD0 /* Localizable.strings in Resources */,
			);
			runOnlyForDeploymentPostprocessing = 0;
		};
		A1B262E725ACF35300998DD0 /* Resources */ = {
			isa = PBXResourcesBuildPhase;
			buildActionMask = 2147483647;
			files = (
			);
			runOnlyForDeploymentPostprocessing = 0;
		};
/* End PBXResourcesBuildPhase section */

/* Begin PBXShellScriptBuildPhase section */
		06995CCA7AFDAA09646C295B /* [CP] Check Pods Manifest.lock */ = {
			isa = PBXShellScriptBuildPhase;
			buildActionMask = 2147483647;
			files = (
			);
			inputFileListPaths = (
			);
			inputPaths = (
				"${PODS_PODFILE_DIR_PATH}/Podfile.lock",
				"${PODS_ROOT}/Manifest.lock",
			);
			name = "[CP] Check Pods Manifest.lock";
			outputFileListPaths = (
			);
			outputPaths = (
				"$(DERIVED_FILE_DIR)/Pods-BBNetwork-checkManifestLockResult.txt",
			);
			runOnlyForDeploymentPostprocessing = 0;
			shellPath = /bin/sh;
			shellScript = "diff \"${PODS_PODFILE_DIR_PATH}/Podfile.lock\" \"${PODS_ROOT}/Manifest.lock\" > /dev/null\nif [ $? != 0 ] ; then\n    # print error to STDERR\n    echo \"error: The sandbox is not in sync with the Podfile.lock. Run 'pod install' or update your CocoaPods installation.\" >&2\n    exit 1\nfi\n# This output is used by Xcode 'outputs' to avoid re-running this script phase.\necho \"SUCCESS\" > \"${SCRIPT_OUTPUT_FILE_0}\"\n";
			showEnvVarsInLog = 0;
		};
		0EE7F2F9B2CA8ECC5683D4DB /* [CP] Check Pods Manifest.lock */ = {
			isa = PBXShellScriptBuildPhase;
			buildActionMask = 2147483647;
			files = (
			);
			inputFileListPaths = (
			);
			inputPaths = (
				"${PODS_PODFILE_DIR_PATH}/Podfile.lock",
				"${PODS_ROOT}/Manifest.lock",
			);
			name = "[CP] Check Pods Manifest.lock";
			outputFileListPaths = (
			);
			outputPaths = (
				"$(DERIVED_FILE_DIR)/Pods-BBNetwork-BBNetworkTests-checkManifestLockResult.txt",
			);
			runOnlyForDeploymentPostprocessing = 0;
			shellPath = /bin/sh;
			shellScript = "diff \"${PODS_PODFILE_DIR_PATH}/Podfile.lock\" \"${PODS_ROOT}/Manifest.lock\" > /dev/null\nif [ $? != 0 ] ; then\n    # print error to STDERR\n    echo \"error: The sandbox is not in sync with the Podfile.lock. Run 'pod install' or update your CocoaPods installation.\" >&2\n    exit 1\nfi\n# This output is used by Xcode 'outputs' to avoid re-running this script phase.\necho \"SUCCESS\" > \"${SCRIPT_OUTPUT_FILE_0}\"\n";
			showEnvVarsInLog = 0;
		};
		34ACA3036DE00C33738BE4F7 /* [CP] Embed Pods Frameworks */ = {
			isa = PBXShellScriptBuildPhase;
			buildActionMask = 2147483647;
			files = (
			);
			inputFileListPaths = (
				"${PODS_ROOT}/Target Support Files/Pods-BBNetwork-BBNetworkTests/Pods-BBNetwork-BBNetworkTests-frameworks-${CONFIGURATION}-input-files.xcfilelist",
			);
			name = "[CP] Embed Pods Frameworks";
			outputFileListPaths = (
				"${PODS_ROOT}/Target Support Files/Pods-BBNetwork-BBNetworkTests/Pods-BBNetwork-BBNetworkTests-frameworks-${CONFIGURATION}-output-files.xcfilelist",
			);
			runOnlyForDeploymentPostprocessing = 0;
			shellPath = /bin/sh;
			shellScript = "\"${PODS_ROOT}/Target Support Files/Pods-BBNetwork-BBNetworkTests/Pods-BBNetwork-BBNetworkTests-frameworks.sh\"\n";
			showEnvVarsInLog = 0;
		};
/* End PBXShellScriptBuildPhase section */

/* Begin PBXSourcesBuildPhase section */
		A1B262DC25ACF35300998DD0 /* Sources */ = {
			isa = PBXSourcesBuildPhase;
			buildActionMask = 2147483647;
			files = (
				A1B2634625ACF3B300998DD0 /* NoResponse.swift in Sources */,
				A1B2634025ACF3B300998DD0 /* BBNetworkDelegate.swift in Sources */,
				A1B2634825ACF3B300998DD0 /* URLSessionDataTask+Ext.swift in Sources */,
				A1B2634925ACF3B300998DD0 /* Encodable+Ext.swift in Sources */,
				A1B2634525ACF3B300998DD0 /* BBHTTPMethod.swift in Sources */,
				A1B2633E25ACF3B300998DD0 /* DWLocalizedString.swift in Sources */,
				A1B2634325ACF3B300998DD0 /* BBAPIError.swift in Sources */,
				A1B2634C25ACF3B300998DD0 /* URL+Ext.swift in Sources */,
				A1B2634F25ACF3B300998DD0 /* BBService.swift in Sources */,
				A1B2634125ACF3B300998DD0 /* RequestHeaderManager.swift in Sources */,
				A1B2634A25ACF3B300998DD0 /* URLSession+Ext.swift in Sources */,
				A1B2634425ACF3B300998DD0 /* BBAPIError+Description.swift in Sources */,
				A1B2633F25ACF3B300998DD0 /* BBNetworkLogger.swift in Sources */,
				A1B2634E25ACF3B300998DD0 /* BBRequestConfigurator.swift in Sources */,
				A1B2634B25ACF3B300998DD0 /* Bundle+Ext.swift in Sources */,
				A1B2634225ACF3B300998DD0 /* BBRequestExecuter.swift in Sources */,
				A1B2634725ACF3B300998DD0 /* BBNetworkProtocol.swift in Sources */,
				A1B2634D25ACF3B300998DD0 /* BBNetwork.swift in Sources */,
			);
			runOnlyForDeploymentPostprocessing = 0;
		};
		A1B262E525ACF35300998DD0 /* Sources */ = {
			isa = PBXSourcesBuildPhase;
			buildActionMask = 2147483647;
			files = (
				A1B2631325ACF3AA00998DD0 /* URLSessionMock.swift in Sources */,
				A1B2631B25ACF3AA00998DD0 /* Bundle+ExtTests.swift in Sources */,
				A1B2631925ACF3AA00998DD0 /* Encodable+ExtTests.swift in Sources */,
				A1B2631E25ACF3AA00998DD0 /* Buildable.swift in Sources */,
				A1B2631625ACF3AA00998DD0 /* BBNetworkTests.swift in Sources */,
				A1B2631725ACF3AA00998DD0 /* BBAPIErrorTests.swift in Sources */,
				A1B2631C25ACF3AA00998DD0 /* URL+ExtTests.swift in Sources */,
				A1B2631225ACF3AA00998DD0 /* BBNetworkDelegateMock.swift in Sources */,
				A1B2631025ACF3AA00998DD0 /* BBRequestExecuterTests.swift in Sources */,
				A1B2631A25ACF3AA00998DD0 /* URLSession+ExtTests.swift in Sources */,
				A1B2631425ACF3AA00998DD0 /* BBRequestExecuterMock.swift in Sources */,
				A1B2631525ACF3AA00998DD0 /* ObjectMock.swift in Sources */,
				A1B2631825ACF3AA00998DD0 /* BBHTTPMethodTests.swift in Sources */,
				A1B2631D25ACF3AA00998DD0 /* BBRequestConfiguratorTests.swift in Sources */,
				A1B2631125ACF3AA00998DD0 /* ServiceMock.swift in Sources */,
			);
			runOnlyForDeploymentPostprocessing = 0;
		};
/* End PBXSourcesBuildPhase section */

/* Begin PBXTargetDependency section */
		A1B262EC25ACF35300998DD0 /* PBXTargetDependency */ = {
			isa = PBXTargetDependency;
			target = A1B262DF25ACF35300998DD0 /* BBNetwork */;
			targetProxy = A1B262EB25ACF35300998DD0 /* PBXContainerItemProxy */;
		};
/* End PBXTargetDependency section */

/* Begin PBXVariantGroup section */
		A1B2632425ACF3B300998DD0 /* Localizable.strings */ = {
			isa = PBXVariantGroup;
			children = (
				A1B2632525ACF3B300998DD0 /* en */,
				A1B2632725ACF3B300998DD0 /* pt-BR */,
			);
			name = Localizable.strings;
			sourceTree = "<group>";
		};
/* End PBXVariantGroup section */

/* Begin XCBuildConfiguration section */
		A1B262F225ACF35300998DD0 /* Debug */ = {
			isa = XCBuildConfiguration;
			baseConfigurationReference = A1B263B425AE54D800998DD0 /* Debug.xcconfig */;
			buildSettings = {
				ALWAYS_SEARCH_USER_PATHS = NO;
				CLANG_ANALYZER_NONNULL = YES;
				CLANG_ANALYZER_NUMBER_OBJECT_CONVERSION = YES_AGGRESSIVE;
				CLANG_CXX_LANGUAGE_STANDARD = "gnu++14";
				CLANG_CXX_LIBRARY = "libc++";
				CLANG_ENABLE_MODULES = YES;
				CLANG_ENABLE_OBJC_ARC = YES;
				CLANG_ENABLE_OBJC_WEAK = YES;
				CLANG_WARN_BLOCK_CAPTURE_AUTORELEASING = YES;
				CLANG_WARN_BOOL_CONVERSION = YES;
				CLANG_WARN_COMMA = YES;
				CLANG_WARN_CONSTANT_CONVERSION = YES;
				CLANG_WARN_DEPRECATED_OBJC_IMPLEMENTATIONS = YES;
				CLANG_WARN_DIRECT_OBJC_ISA_USAGE = YES_ERROR;
				CLANG_WARN_DOCUMENTATION_COMMENTS = YES;
				CLANG_WARN_EMPTY_BODY = YES;
				CLANG_WARN_ENUM_CONVERSION = YES;
				CLANG_WARN_INFINITE_RECURSION = YES;
				CLANG_WARN_INT_CONVERSION = YES;
				CLANG_WARN_NON_LITERAL_NULL_CONVERSION = YES;
				CLANG_WARN_OBJC_IMPLICIT_RETAIN_SELF = YES;
				CLANG_WARN_OBJC_LITERAL_CONVERSION = YES;
				CLANG_WARN_OBJC_ROOT_CLASS = YES_ERROR;
				CLANG_WARN_QUOTED_INCLUDE_IN_FRAMEWORK_HEADER = YES;
				CLANG_WARN_RANGE_LOOP_ANALYSIS = YES;
				CLANG_WARN_STRICT_PROTOTYPES = YES;
				CLANG_WARN_SUSPICIOUS_MOVE = YES;
				CLANG_WARN_UNGUARDED_AVAILABILITY = YES_AGGRESSIVE;
				CLANG_WARN_UNREACHABLE_CODE = YES;
				CLANG_WARN__DUPLICATE_METHOD_MATCH = YES;
				COPY_PHASE_STRIP = NO;
				CURRENT_PROJECT_VERSION = 1;
				DEBUG_INFORMATION_FORMAT = dwarf;
				ENABLE_STRICT_OBJC_MSGSEND = YES;
				ENABLE_TESTABILITY = YES;
				GCC_C_LANGUAGE_STANDARD = gnu11;
				GCC_DYNAMIC_NO_PIC = NO;
				GCC_NO_COMMON_BLOCKS = YES;
				GCC_OPTIMIZATION_LEVEL = 0;
				GCC_PREPROCESSOR_DEFINITIONS = (
					"DEBUG=1",
					"$(inherited)",
				);
				GCC_WARN_64_TO_32_BIT_CONVERSION = YES;
				GCC_WARN_ABOUT_RETURN_TYPE = YES_ERROR;
				GCC_WARN_UNDECLARED_SELECTOR = YES;
				GCC_WARN_UNINITIALIZED_AUTOS = YES_AGGRESSIVE;
				GCC_WARN_UNUSED_FUNCTION = YES;
				GCC_WARN_UNUSED_VARIABLE = YES;
				IPHONEOS_DEPLOYMENT_TARGET = 12.2;
				MTL_ENABLE_DEBUG_INFO = INCLUDE_SOURCE;
				MTL_FAST_MATH = YES;
				ONLY_ACTIVE_ARCH = YES;
				SDKROOT = iphoneos;
				SWIFT_ACTIVE_COMPILATION_CONDITIONS = DEBUG;
				SWIFT_OPTIMIZATION_LEVEL = "-Onone";
				VERSIONING_SYSTEM = "apple-generic";
				VERSION_INFO_PREFIX = "";
			};
			name = Debug;
		};
		A1B262F325ACF35300998DD0 /* Release */ = {
			isa = XCBuildConfiguration;
			baseConfigurationReference = A1B263B425AE54D800998DD0 /* Debug.xcconfig */;
			buildSettings = {
				ALWAYS_SEARCH_USER_PATHS = NO;
				CLANG_ANALYZER_NONNULL = YES;
				CLANG_ANALYZER_NUMBER_OBJECT_CONVERSION = YES_AGGRESSIVE;
				CLANG_CXX_LANGUAGE_STANDARD = "gnu++14";
				CLANG_CXX_LIBRARY = "libc++";
				CLANG_ENABLE_MODULES = YES;
				CLANG_ENABLE_OBJC_ARC = YES;
				CLANG_ENABLE_OBJC_WEAK = YES;
				CLANG_WARN_BLOCK_CAPTURE_AUTORELEASING = YES;
				CLANG_WARN_BOOL_CONVERSION = YES;
				CLANG_WARN_COMMA = YES;
				CLANG_WARN_CONSTANT_CONVERSION = YES;
				CLANG_WARN_DEPRECATED_OBJC_IMPLEMENTATIONS = YES;
				CLANG_WARN_DIRECT_OBJC_ISA_USAGE = YES_ERROR;
				CLANG_WARN_DOCUMENTATION_COMMENTS = YES;
				CLANG_WARN_EMPTY_BODY = YES;
				CLANG_WARN_ENUM_CONVERSION = YES;
				CLANG_WARN_INFINITE_RECURSION = YES;
				CLANG_WARN_INT_CONVERSION = YES;
				CLANG_WARN_NON_LITERAL_NULL_CONVERSION = YES;
				CLANG_WARN_OBJC_IMPLICIT_RETAIN_SELF = YES;
				CLANG_WARN_OBJC_LITERAL_CONVERSION = YES;
				CLANG_WARN_OBJC_ROOT_CLASS = YES_ERROR;
				CLANG_WARN_QUOTED_INCLUDE_IN_FRAMEWORK_HEADER = YES;
				CLANG_WARN_RANGE_LOOP_ANALYSIS = YES;
				CLANG_WARN_STRICT_PROTOTYPES = YES;
				CLANG_WARN_SUSPICIOUS_MOVE = YES;
				CLANG_WARN_UNGUARDED_AVAILABILITY = YES_AGGRESSIVE;
				CLANG_WARN_UNREACHABLE_CODE = YES;
				CLANG_WARN__DUPLICATE_METHOD_MATCH = YES;
				COPY_PHASE_STRIP = NO;
				CURRENT_PROJECT_VERSION = 1;
				DEBUG_INFORMATION_FORMAT = "dwarf-with-dsym";
				ENABLE_NS_ASSERTIONS = NO;
				ENABLE_STRICT_OBJC_MSGSEND = YES;
				GCC_C_LANGUAGE_STANDARD = gnu11;
				GCC_NO_COMMON_BLOCKS = YES;
				GCC_WARN_64_TO_32_BIT_CONVERSION = YES;
				GCC_WARN_ABOUT_RETURN_TYPE = YES_ERROR;
				GCC_WARN_UNDECLARED_SELECTOR = YES;
				GCC_WARN_UNINITIALIZED_AUTOS = YES_AGGRESSIVE;
				GCC_WARN_UNUSED_FUNCTION = YES;
				GCC_WARN_UNUSED_VARIABLE = YES;
				IPHONEOS_DEPLOYMENT_TARGET = 12.2;
				MTL_ENABLE_DEBUG_INFO = NO;
				MTL_FAST_MATH = YES;
				SDKROOT = iphoneos;
				SWIFT_COMPILATION_MODE = wholemodule;
				SWIFT_OPTIMIZATION_LEVEL = "-O";
				VALIDATE_PRODUCT = YES;
				VERSIONING_SYSTEM = "apple-generic";
				VERSION_INFO_PREFIX = "";
			};
			name = Release;
		};
		A1B262F525ACF35300998DD0 /* Debug */ = {
			isa = XCBuildConfiguration;
			baseConfigurationReference = 5355D62CB9410F30B0FCD642 /* Pods-BBNetwork.debug.xcconfig */;
			buildSettings = {
				CODE_SIGN_STYLE = Automatic;
				DEFINES_MODULE = YES;
				DEVELOPMENT_TEAM = 6XZTZ4QQKM;
				DYLIB_COMPATIBILITY_VERSION = 1;
				DYLIB_CURRENT_VERSION = 1;
				DYLIB_INSTALL_NAME_BASE = "@rpath";
				INFOPLIST_FILE = BBNetwork/Info.plist;
				INSTALL_PATH = "$(LOCAL_LIBRARY_DIR)/Frameworks";
				LD_RUNPATH_SEARCH_PATHS = (
					"$(inherited)",
					"@executable_path/Frameworks",
					"@loader_path/Frameworks",
				);
				PRODUCT_BUNDLE_IDENTIFIER = babo.nicholas.BBNetwork;
				PRODUCT_NAME = "$(TARGET_NAME:c99extidentifier)";
				SKIP_INSTALL = YES;
				SUPPORTS_MACCATALYST = NO;
				SUPPORTS_MAC_DESIGNED_FOR_IPHONE_IPAD = NO;
				SWIFT_VERSION = 5.0;
				TARGETED_DEVICE_FAMILY = 1;
			};
			name = Debug;
		};
		A1B262F625ACF35300998DD0 /* Release */ = {
			isa = XCBuildConfiguration;
			baseConfigurationReference = 88927BCD72AB73DB1029A672 /* Pods-BBNetwork.release.xcconfig */;
			buildSettings = {
				CODE_SIGN_STYLE = Automatic;
				DEFINES_MODULE = YES;
				DEVELOPMENT_TEAM = 6XZTZ4QQKM;
				DYLIB_COMPATIBILITY_VERSION = 1;
				DYLIB_CURRENT_VERSION = 1;
				DYLIB_INSTALL_NAME_BASE = "@rpath";
				INFOPLIST_FILE = BBNetwork/Info.plist;
				INSTALL_PATH = "$(LOCAL_LIBRARY_DIR)/Frameworks";
				LD_RUNPATH_SEARCH_PATHS = (
					"$(inherited)",
					"@executable_path/Frameworks",
					"@loader_path/Frameworks",
				);
				PRODUCT_BUNDLE_IDENTIFIER = babo.nicholas.BBNetwork;
				PRODUCT_NAME = "$(TARGET_NAME:c99extidentifier)";
				SKIP_INSTALL = YES;
				SUPPORTS_MACCATALYST = NO;
				SUPPORTS_MAC_DESIGNED_FOR_IPHONE_IPAD = NO;
				SWIFT_VERSION = 5.0;
				TARGETED_DEVICE_FAMILY = 1;
			};
			name = Release;
		};
		A1B262F825ACF35300998DD0 /* Debug */ = {
			isa = XCBuildConfiguration;
			baseConfigurationReference = 5AFD81BE79E2D7C322C648E3 /* Pods-BBNetwork-BBNetworkTests.debug.xcconfig */;
			buildSettings = {
				ALWAYS_EMBED_SWIFT_STANDARD_LIBRARIES = YES;
				CODE_SIGN_STYLE = Automatic;
				DEVELOPMENT_TEAM = 6XZTZ4QQKM;
				INFOPLIST_FILE = BBNetworkTests/Info.plist;
				LD_RUNPATH_SEARCH_PATHS = (
					"$(inherited)",
					"@executable_path/Frameworks",
					"@loader_path/Frameworks",
				);
				PRODUCT_BUNDLE_IDENTIFIER = babo.nicholas.BBNetworkTests;
				PRODUCT_NAME = "$(TARGET_NAME)";
				SUPPORTS_MACCATALYST = NO;
				SUPPORTS_MAC_DESIGNED_FOR_IPHONE_IPAD = NO;
				SWIFT_VERSION = 5.0;
				TARGETED_DEVICE_FAMILY = 1;
			};
			name = Debug;
		};
		A1B262F925ACF35300998DD0 /* Release */ = {
			isa = XCBuildConfiguration;
			baseConfigurationReference = 03582BCB65671A5676BE3EAE /* Pods-BBNetwork-BBNetworkTests.release.xcconfig */;
			buildSettings = {
				ALWAYS_EMBED_SWIFT_STANDARD_LIBRARIES = YES;
				CODE_SIGN_STYLE = Automatic;
				DEVELOPMENT_TEAM = 6XZTZ4QQKM;
				INFOPLIST_FILE = BBNetworkTests/Info.plist;
				LD_RUNPATH_SEARCH_PATHS = (
					"$(inherited)",
					"@executable_path/Frameworks",
					"@loader_path/Frameworks",
				);
				PRODUCT_BUNDLE_IDENTIFIER = babo.nicholas.BBNetworkTests;
				PRODUCT_NAME = "$(TARGET_NAME)";
				SUPPORTS_MACCATALYST = NO;
				SUPPORTS_MAC_DESIGNED_FOR_IPHONE_IPAD = NO;
				SWIFT_VERSION = 5.0;
				TARGETED_DEVICE_FAMILY = 1;
			};
			name = Release;
		};
/* End XCBuildConfiguration section */

/* Begin XCConfigurationList section */
		A1B262DA25ACF35300998DD0 /* Build configuration list for PBXProject "BBNetwork" */ = {
			isa = XCConfigurationList;
			buildConfigurations = (
				A1B262F225ACF35300998DD0 /* Debug */,
				A1B262F325ACF35300998DD0 /* Release */,
			);
			defaultConfigurationIsVisible = 0;
			defaultConfigurationName = Debug;
		};
		A1B262F425ACF35300998DD0 /* Build configuration list for PBXNativeTarget "BBNetwork" */ = {
			isa = XCConfigurationList;
			buildConfigurations = (
				A1B262F525ACF35300998DD0 /* Debug */,
				A1B262F625ACF35300998DD0 /* Release */,
			);
			defaultConfigurationIsVisible = 0;
			defaultConfigurationName = Debug;
		};
		A1B262F725ACF35300998DD0 /* Build configuration list for PBXNativeTarget "BBNetworkTests" */ = {
			isa = XCConfigurationList;
			buildConfigurations = (
				A1B262F825ACF35300998DD0 /* Debug */,
				A1B262F925ACF35300998DD0 /* Release */,
			);
			defaultConfigurationIsVisible = 0;
			defaultConfigurationName = Debug;
		};
/* End XCConfigurationList section */
	};
	rootObject = A1B262D725ACF35300998DD0 /* Project object */;
}
